
Microsoft Visual Studio Solution File, Format Version 12.00
# Visual Studio Version 17
VisualStudioVersion = 17.9.34622.214
MinimumVisualStudioVersion = 10.0.40219.1
Project("{FAE04EC0-301F-11D3-BF4B-00C04F79EFBC}") = "AOC2024_CS_CPP", "AOC2024_CS_CPP.csproj", "{5F61441C-0040-4C0F-9F81-61CF2DDD65FD}"
EndProject
Global
	GlobalSection(SolutionConfigurationPlatforms) = preSolution
		Debug|Any CPU = Debug|Any CPU
		Release|Any CPU = Release|Any CPU
	EndGlobalSection
	GlobalSection(ProjectConfigurationPlatforms) = postSolution
		{5F61441C-0040-4C0F-9F81-61CF2DDD65FD}.Debug|Any CPU.ActiveCfg = Debug|Any CPU
		{5F61441C-0040-4C0F-9F81-61CF2DDD65FD}.Debug|Any CPU.Build.0 = Debug|Any CPU
		{5F61441C-0040-4C0F-9F81-61CF2DDD65FD}.Release|Any CPU.ActiveCfg = Release|Any CPU
		{5F61441C-0040-4C0F-9F81-61CF2DDD65FD}.Release|Any CPU.Build.0 = Release|Any CPU
	EndGlobalSection
	GlobalSection(SolutionProperties) = preSolution
		HideSolutionNode = FALSE
	EndGlobalSection
	GlobalSection(ExtensibilityGlobals) = postSolution
		SolutionGuid = {9FE30C3B-C482-4E24-A984-4AE9D0A4F434}
	EndGlobalSection
EndGlobal
